
Microsoft Visual Studio Solution File, Format Version 12.00
# Visual Studio Version 17
VisualStudioVersion = 17.1.32210.238
MinimumVisualStudioVersion = 10.0.40219.1
Project("{9A19103F-16F7-4668-BE54-9A1E7A4F7556}") = "Labb 4 - API Models", "Labb 4 - API\Labb 4 - API Models.csproj", "{9BCC1C9D-E051-46D2-963B-1639EA196C3A}"
EndProject
Project("{FAE04EC0-301F-11D3-BF4B-00C04F79EFBC}") = "Labb 4 - API api", "Labb 4 - API api\Labb 4 - API api.csproj", "{8EEF7305-0B85-4844-A0D4-1D7F662471FF}"
EndProject
Global
	GlobalSection(SolutionConfigurationPlatforms) = preSolution
		Debug|Any CPU = Debug|Any CPU
		Release|Any CPU = Release|Any CPU
	EndGlobalSection
	GlobalSection(ProjectConfigurationPlatforms) = postSolution
		{9BCC1C9D-E051-46D2-963B-1639EA196C3A}.Debug|Any CPU.ActiveCfg = Debug|Any CPU
		{9BCC1C9D-E051-46D2-963B-1639EA196C3A}.Debug|Any CPU.Build.0 = Debug|Any CPU
		{9BCC1C9D-E051-46D2-963B-1639EA196C3A}.Release|Any CPU.ActiveCfg = Release|Any CPU
		{9BCC1C9D-E051-46D2-963B-1639EA196C3A}.Release|Any CPU.Build.0 = Release|Any CPU
		{8EEF7305-0B85-4844-A0D4-1D7F662471FF}.Debug|Any CPU.ActiveCfg = Debug|Any CPU
		{8EEF7305-0B85-4844-A0D4-1D7F662471FF}.Debug|Any CPU.Build.0 = Debug|Any CPU
		{8EEF7305-0B85-4844-A0D4-1D7F662471FF}.Release|Any CPU.ActiveCfg = Release|Any CPU
		{8EEF7305-0B85-4844-A0D4-1D7F662471FF}.Release|Any CPU.Build.0 = Release|Any CPU
	EndGlobalSection
	GlobalSection(SolutionProperties) = preSolution
		HideSolutionNode = FALSE
	EndGlobalSection
	GlobalSection(ExtensibilityGlobals) = postSolution
		SolutionGuid = {114F9FF6-9083-4449-B28F-C93D2E05B34C}
	EndGlobalSection
EndGlobal
